
Microsoft Visual Studio Solution File, Format Version 12.00
# Visual Studio Version 16
VisualStudioVersion = 16.0.31624.102
MinimumVisualStudioVersion = 10.0.40219.1
Project("{FAE04EC0-301F-11D3-BF4B-00C04F79EFBC}") = "OkulPano", "OkulPano\OkulPano.csproj", "{2DF78C2E-A518-4193-9527-58DAE4235C15}"
EndProject
Global
	GlobalSection(SolutionConfigurationPlatforms) = preSolution
		Debug|Any CPU = Debug|Any CPU
		Release|Any CPU = Release|Any CPU
	EndGlobalSection
	GlobalSection(ProjectConfigurationPlatforms) = postSolution
		{2DF78C2E-A518-4193-9527-58DAE4235C15}.Debug|Any CPU.ActiveCfg = Debug|Any CPU
		{2DF78C2E-A518-4193-9527-58DAE4235C15}.Debug|Any CPU.Build.0 = Debug|Any CPU
		{2DF78C2E-A518-4193-9527-58DAE4235C15}.Release|Any CPU.ActiveCfg = Release|Any CPU
		{2DF78C2E-A518-4193-9527-58DAE4235C15}.Release|Any CPU.Build.0 = Release|Any CPU
	EndGlobalSection
	GlobalSection(SolutionProperties) = preSolution
		HideSolutionNode = FALSE
	EndGlobalSection
	GlobalSection(ExtensibilityGlobals) = postSolution
		SolutionGuid = {028863FE-DA5B-4257-940C-564B017AF507}
	EndGlobalSection
EndGlobal
